// !$*UTF8*$!
{
	archiveVersion = 1;
	classes = {
	};
	objectVersion = 46;
	objects = {

/* Begin PBXBuildFile section */
		37A413FE1C892311003CC077 /* main.m in Sources */ = {isa = PBXBuildFile; fileRef = 37A413FD1C892311003CC077 /* main.m */; };
		37A414011C892311003CC077 /* AppDelegate.m in Sources */ = {isa = PBXBuildFile; fileRef = 37A414001C892311003CC077 /* AppDelegate.m */; };
		37A414041C892312003CC077 /* ViewController.m in Sources */ = {isa = PBXBuildFile; fileRef = 37A414031C892312003CC077 /* ViewController.m */; };
		37A414071C892312003CC077 /* Main.storyboard in Resources */ = {isa = PBXBuildFile; fileRef = 37A414051C892312003CC077 /* Main.storyboard */; };
		37A414091C892312003CC077 /* Assets.xcassets in Resources */ = {isa = PBXBuildFile; fileRef = 37A414081C892312003CC077 /* Assets.xcassets */; };
		37A4140C1C892312003CC077 /* LaunchScreen.storyboard in Resources */ = {isa = PBXBuildFile; fileRef = 37A4140A1C892312003CC077 /* LaunchScreen.storyboard */; };
		37A414171C892312003CC077 /* GitHubTests.m in Sources */ = {isa = PBXBuildFile; fileRef = 37A414161C892312003CC077 /* GitHubTests.m */; };
		37A414221C892312003CC077 /* GitHubUITests.m in Sources */ = {isa = PBXBuildFile; fileRef = 37A414211C892312003CC077 /* GitHubUITests.m */; };
/* End PBXBuildFile section */

/* Begin PBXContainerItemProxy section */
		37A414131C892312003CC077 /* PBXContainerItemProxy */ = {
			isa = PBXContainerItemProxy;
			containerPortal = 37A413F11C892311003CC077 /* Project object */;
			proxyType = 1;
			remoteGlobalIDString = 37A413F81C892311003CC077;
			remoteInfo = GitHub;
		};
		37A4141E1C892312003CC077 /* PBXContainerItemProxy */ = {
			isa = PBXContainerItemProxy;
			containerPortal = 37A413F11C892311003CC077 /* Project object */;
			proxyType = 1;
			remoteGlobalIDString = 37A413F81C892311003CC077;
			remoteInfo = GitHub;
		};
/* End PBXContainerItemProxy section */

/* Begin PBXFileReference section */
		37A413F91C892311003CC077 /* GitHub.app */ = {isa = PBXFileReference; explicitFileType = wrapper.application; includeInIndex = 0; path = GitHub.app; sourceTree = BUILT_PRODUCTS_DIR; };
		37A413FD1C892311003CC077 /* main.m */ = {isa = PBXFileReference; lastKnownFileType = sourcecode.c.objc; path = main.m; sourceTree = "<group>"; };
		37A413FF1C892311003CC077 /* AppDelegate.h */ = {isa = PBXFileReference; lastKnownFileType = sourcecode.c.h; path = AppDelegate.h; sourceTree = "<group>"; };
		37A414001C892311003CC077 /* AppDelegate.m */ = {isa = PBXFileReference; lastKnownFileType = sourcecode.c.objc; path = AppDelegate.m; sourceTree = "<group>"; };
		37A414021C892311003CC077 /* ViewController.h */ = {isa = PBXFileReference; lastKnownFileType = sourcecode.c.h; path = ViewController.h; sourceTree = "<group>"; };
		37A414031C892312003CC077 /* ViewController.m */ = {isa = PBXFileReference; lastKnownFileType = sourcecode.c.objc; path = ViewController.m; sourceTree = "<group>"; };
		37A414061C892312003CC077 /* Base */ = {isa = PBXFileReference; lastKnownFileType = file.storyboard; name = Base; path = Base.lproj/Main.storyboard; sourceTree = "<group>"; };
		37A414081C892312003CC077 /* Assets.xcassets */ = {isa = PBXFileReference; lastKnownFileType = folder.assetcatalog; path = Assets.xcassets; sourceTree = "<group>"; };
		37A4140B1C892312003CC077 /* Base */ = {isa = PBXFileReference; lastKnownFileType = file.storyboard; name = Base; path = Base.lproj/LaunchScreen.storyboard; sourceTree = "<group>"; };
		37A4140D1C892312003CC077 /* Info.plist */ = {isa = PBXFileReference; lastKnownFileType = text.plist.xml; path = Info.plist; sourceTree = "<group>"; };
		37A414121C892312003CC077 /* GitHubTests.xctest */ = {isa = PBXFileReference; explicitFileType = wrapper.cfbundle; includeInIndex = 0; path = GitHubTests.xctest; sourceTree = BUILT_PRODUCTS_DIR; };
		37A414161C892312003CC077 /* GitHubTests.m */ = {isa = PBXFileReference; lastKnownFileType = sourcecode.c.objc; path = GitHubTests.m; sourceTree = "<group>"; };
		37A414181C892312003CC077 /* Info.plist */ = {isa = PBXFileReference; lastKnownFileType = text.plist.xml; path = Info.plist; sourceTree = "<group>"; };
		37A4141D1C892312003CC077 /* GitHubUITests.xctest */ = {isa = PBXFileReference; explicitFileType = wrapper.cfbundle; includeInIndex = 0; path = GitHubUITests.xctest; sourceTree = BUILT_PRODUCTS_DIR; };
		37A414211C892312003CC077 /* GitHubUITests.m */ = {isa = PBXFileReference; lastKnownFileType = sourcecode.c.objc; path = GitHubUITests.m; sourceTree = "<group>"; };
		37A414231C892312003CC077 /* Info.plist */ = {isa = PBXFileReference; lastKnownFileType = text.plist.xml; path = Info.plist; sourceTree = "<group>"; };
/* End PBXFileReference section */

/* Begin PBXFrameworksBuildPhase section */
		37A413F61C892311003CC077 /* Frameworks */ = {
			isa = PBXFrameworksBuildPhase;
			buildActionMask = 2147483647;
			files = (
			);
			runOnlyForDeploymentPostprocessing = 0;
		};
		37A4140F1C892312003CC077 /* Frameworks */ = {
			isa = PBXFrameworksBuildPhase;
			buildActionMask = 2147483647;
			files = (
			);
			runOnlyForDeploymentPostprocessing = 0;
		};
		37A4141A1C892312003CC077 /* Frameworks */ = {
			isa = PBXFrameworksBuildPhase;
			buildActionMask = 2147483647;
			files = (
			);
			runOnlyForDeploymentPostprocessing = 0;
		};
/* End PBXFrameworksBuildPhase section */

/* Begin PBXGroup section */
		37A413F01C892311003CC077 = {
			isa = PBXGroup;
			children = (
				37A413FB1C892311003CC077 /* GitHub */,
				37A414151C892312003CC077 /* GitHubTests */,
				37A414201C892312003CC077 /* GitHubUITests */,
				37A413FA1C892311003CC077 /* Products */,
			);
			sourceTree = "<group>";
		};
		37A413FA1C892311003CC077 /* Products */ = {
			isa = PBXGroup;
			children = (
				37A413F91C892311003CC077 /* GitHub.app */,
				37A414121C892312003CC077 /* GitHubTests.xctest */,
				37A4141D1C892312003CC077 /* GitHubUITests.xctest */,
			);
			name = Products;
			sourceTree = "<group>";
		};
		37A413FB1C892311003CC077 /* GitHub */ = {
			isa = PBXGroup;
			children = (
				37A413FF1C892311003CC077 /* AppDelegate.h */,
				37A414001C892311003CC077 /* AppDelegate.m */,
				37A414021C892311003CC077 /* ViewController.h */,
				37A414031C892312003CC077 /* ViewController.m */,
				37A414051C892312003CC077 /* Main.storyboard */,
				37A414081C892312003CC077 /* Assets.xcassets */,
				37A4140A1C892312003CC077 /* LaunchScreen.storyboard */,
				37A4140D1C892312003CC077 /* Info.plist */,
				37A413FC1C892311003CC077 /* Supporting Files */,
			);
			path = GitHub;
			sourceTree = "<group>";
		};
		37A413FC1C892311003CC077 /* Supporting Files */ = {
			isa = PBXGroup;
			children = (
				37A413FD1C892311003CC077 /* main.m */,
			);
			name = "Supporting Files";
			sourceTree = "<group>";
		};
		37A414151C892312003CC077 /* GitHubTests */ = {
			isa = PBXGroup;
			children = (
				37A414161C892312003CC077 /* GitHubTests.m */,
				37A414181C892312003CC077 /* Info.plist */,
			);
			path = GitHubTests;
			sourceTree = "<group>";
		};
		37A414201C892312003CC077 /* GitHubUITests */ = {
			isa = PBXGroup;
			children = (
				37A414211C892312003CC077 /* GitHubUITests.m */,
				37A414231C892312003CC077 /* Info.plist */,
			);
			path = GitHubUITests;
			sourceTree = "<group>";
		};
/* End PBXGroup section */

/* Begin PBXNativeTarget section */
		37A413F81C892311003CC077 /* GitHub */ = {
			isa = PBXNativeTarget;
			buildConfigurationList = 37A414261C892312003CC077 /* Build configuration list for PBXNativeTarget "GitHub" */;
			buildPhases = (
				37A413F51C892311003CC077 /* Sources */,
				37A413F61C892311003CC077 /* Frameworks */,
				37A413F71C892311003CC077 /* Resources */,
			);
			buildRules = (
			);
			dependencies = (
			);
			name = GitHub;
			productName = GitHub;
			productReference = 37A413F91C892311003CC077 /* GitHub.app */;
			productType = "com.apple.product-type.application";
		};
		37A414111C892312003CC077 /* GitHubTests */ = {
			isa = PBXNativeTarget;
			buildConfigurationList = 37A414291C892312003CC077 /* Build configuration list for PBXNativeTarget "GitHubTests" */;
			buildPhases = (
				37A4140E1C892312003CC077 /* Sources */,
				37A4140F1C892312003CC077 /* Frameworks */,
				37A414101C892312003CC077 /* Resources */,
			);
			buildRules = (
			);
			dependencies = (
				37A414141C892312003CC077 /* PBXTargetDependency */,
			);
			name = GitHubTests;
			productName = GitHubTests;
			productReference = 37A414121C892312003CC077 /* GitHubTests.xctest */;
			productType = "com.apple.product-type.bundle.unit-test";
		};
		37A4141C1C892312003CC077 /* GitHubUITests */ = {
			isa = PBXNativeTarget;
			buildConfigurationList = 37A4142C1C892312003CC077 /* Build configuration list for PBXNativeTarget "GitHubUITests" */;
			buildPhases = (
				37A414191C892312003CC077 /* Sources */,
				37A4141A1C892312003CC077 /* Frameworks */,
				37A4141B1C892312003CC077 /* Resources */,
			);
			buildRules = (
			);
			dependencies = (
				37A4141F1C892312003CC077 /* PBXTargetDependency */,
			);
			name = GitHubUITests;
			productName = GitHubUITests;
			productReference = 37A4141D1C892312003CC077 /* GitHubUITests.xctest */;
			productType = "com.apple.product-type.bundle.ui-testing";
		};
/* End PBXNativeTarget section */

/* Begin PBXProject section */
		37A413F11C892311003CC077 /* Project object */ = {
			isa = PBXProject;
			attributes = {
				LastUpgradeCheck = 0710;
				ORGANIZATIONNAME = Breen;
				TargetAttributes = {
					37A413F81C892311003CC077 = {
						CreatedOnToolsVersion = 7.1;
					};
					37A414111C892312003CC077 = {
						CreatedOnToolsVersion = 7.1;
						TestTargetID = 37A413F81C892311003CC077;
					};
					37A4141C1C892312003CC077 = {
						CreatedOnToolsVersion = 7.1;
						TestTargetID = 37A413F81C892311003CC077;
					};
				};
			};
			buildConfigurationList = 37A413F41C892311003CC077 /* Build configuration list for PBXProject "GitHub" */;
			compatibilityVersion = "Xcode 3.2";
			developmentRegion = English;
			hasScannedForEncodings = 0;
			knownRegions = (
				en,
				Base,
			);
			mainGroup = 37A413F01C892311003CC077;
			productRefGroup = 37A413FA1C892311003CC077 /* Products */;
			projectDirPath = "";
			projectRoot = "";
			targets = (
				37A413F81C892311003CC077 /* GitHub */,
				37A414111C892312003CC077 /* GitHubTests */,
				37A4141C1C892312003CC077 /* GitHubUITests */,
			);
		};
/* End PBXProject section */

/* Begin PBXResourcesBuildPhase section */
		37A413F71C892311003CC077 /* Resources */ = {
			isa = PBXResourcesBuildPhase;
			buildActionMask = 2147483647;
			files = (
				37A4140C1C892312003CC077 /* LaunchScreen.storyboard in Resources */,
				37A414091C892312003CC077 /* Assets.xcassets in Resources */,
				37A414071C892312003CC077 /* Main.storyboard in Resources */,
			);
			runOnlyForDeploymentPostprocessing = 0;
		};
		37A414101C892312003CC077 /* Resources */ = {
			isa = PBXResourcesBuildPhase;
			buildActionMask = 2147483647;
			files = (
			);
			runOnlyForDeploymentPostprocessing = 0;
		};
		37A4141B1C892312003CC077 /* Resources */ = {
			isa = PBXResourcesBuildPhase;
			buildActionMask = 2147483647;
			files = (
			);
			runOnlyForDeploymentPostprocessing = 0;
		};
/* End PBXResourcesBuildPhase section */

/* Begin PBXSourcesBuildPhase section */
		37A413F51C892311003CC077 /* Sources */ = {
			isa = PBXSourcesBuildPhase;
			buildActionMask = 2147483647;
			files = (
				37A414041C892312003CC077 /* ViewController.m in Sources */,
				37A414011C892311003CC077 /* AppDelegate.m in Sources */,
				37A413FE1C892311003CC077 /* main.m in Sources */,
			);
			runOnlyForDeploymentPostprocessing = 0;
		};
		37A4140E1C892312003CC077 /* Sources */ = {
			isa = PBXSourcesBuildPhase;
			buildActionMask = 2147483647;
			files = (
				37A414171C892312003CC077 /* GitHubTests.m in Sources */,
			);
			runOnlyForDeploymentPostprocessing = 0;
		};
		37A414191C892312003CC077 /* Sources */ = {
			isa = PBXSourcesBuildPhase;
			buildActionMask = 2147483647;
			files = (
				37A414221C892312003CC077 /* GitHubUITests.m in Sources */,
			);
			runOnlyForDeploymentPostprocessing = 0;
		};
/* End PBXSourcesBuildPhase section */

/* Begin PBXTargetDependency section */
		37A414141C892312003CC077 /* PBXTargetDependency */ = {
			isa = PBXTargetDependency;
			target = 37A413F81C892311003CC077 /* GitHub */;
			targetProxy = 37A414131C892312003CC077 /* PBXContainerItemProxy */;
		};
		37A4141F1C892312003CC077 /* PBXTargetDependency */ = {
			isa = PBXTargetDependency;
			target = 37A413F81C892311003CC077 /* GitHub */;
			targetProxy = 37A4141E1C892312003CC077 /* PBXContainerItemProxy */;
		};
/* End PBXTargetDependency section */

/* Begin PBXVariantGroup section */
		37A414051C892312003CC077 /* Main.storyboard */ = {
			isa = PBXVariantGroup;
			children = (
				37A414061C892312003CC077 /* Base */,
			);
			name = Main.storyboard;
			sourceTree = "<group>";
		};
		37A4140A1C892312003CC077 /* LaunchScreen.storyboard */ = {
			isa = PBXVariantGroup;
			children = (
				37A4140B1C892312003CC077 /* Base */,
			);
			name = LaunchScreen.storyboard;
			sourceTree = "<group>";
		};
/* End PBXVariantGroup section */

/* Begin XCBuildConfiguration section */
		37A414241C892312003CC077 /* Debug */ = {
			isa = XCBuildConfiguration;
			buildSettings = {
				ALWAYS_SEARCH_USER_PATHS = NO;
				CLANG_CXX_LANGUAGE_STANDARD = "gnu++0x";
				CLANG_CXX_LIBRARY = "libc++";
				CLANG_ENABLE_MODULES = YES;
				CLANG_ENABLE_OBJC_ARC = YES;
				CLANG_WARN_BOOL_CONVERSION = YES;
				CLANG_WARN_CONSTANT_CONVERSION = YES;
				CLANG_WARN_DIRECT_OBJC_ISA_USAGE = YES_ERROR;
				CLANG_WARN_EMPTY_BODY = YES;
				CLANG_WARN_ENUM_CONVERSION = YES;
				CLANG_WARN_INT_CONVERSION = YES;
				CLANG_WARN_OBJC_ROOT_CLASS = YES_ERROR;
				CLANG_WARN_UNREACHABLE_CODE = YES;
				CLANG_WARN__DUPLICATE_METHOD_MATCH = YES;
				"CODE_SIGN_IDENTITY[sdk=iphoneos*]" = "iPhone Developer";
				COPY_PHASE_STRIP = NO;
				DEBUG_INFORMATION_FORMAT = dwarf;
				ENABLE_STRICT_OBJC_MSGSEND = YES;
				ENABLE_TESTABILITY = YES;
				GCC_C_LANGUAGE_STANDARD = gnu99;
				GCC_DYNAMIC_NO_PIC = NO;
				GCC_NO_COMMON_BLOCKS = YES;
				GCC_OPTIMIZATION_LEVEL = 0;
				GCC_PREPROCESSOR_DEFINITIONS = (
					"DEBUG=1",
					"$(inherited)",
				);
				GCC_WARN_64_TO_32_BIT_CONVERSION = YES;
				GCC_WARN_ABOUT_RETURN_TYPE = YES_ERROR;
				GCC_WARN_UNDECLARED_SELECTOR = YES;
				GCC_WARN_UNINITIALIZED_AUTOS = YES_AGGRESSIVE;
				GCC_WARN_UNUSED_FUNCTION = YES;
				GCC_WARN_UNUSED_VARIABLE = YES;
				IPHONEOS_DEPLOYMENT_TARGET = 9.1;
				MTL_ENABLE_DEBUG_INFO = YES;
				ONLY_ACTIVE_ARCH = YES;
				SDKROOT = iphoneos;
			};
			name = Debug;
		};
		37A414251C892312003CC077 /* Release */ = {
			isa = XCBuildConfiguration;
			buildSettings = {
				ALWAYS_SEARCH_USER_PATHS = NO;
				CLANG_CXX_LANGUAGE_STANDARD = "gnu++0x";
				CLANG_CXX_LIBRARY = "libc++";
				CLANG_ENABLE_MODULES = YES;
				CLANG_ENABLE_OBJC_ARC = YES;
				CLANG_WARN_BOOL_CONVERSION = YES;
				CLANG_WARN_CONSTANT_CONVERSION = YES;
				CLANG_WARN_DIRECT_OBJC_ISA_USAGE = YES_ERROR;
				CLANG_WARN_EMPTY_BODY = YES;
				CLANG_WARN_ENUM_CONVERSION = YES;
				CLANG_WARN_INT_CONVERSION = YES;
				CLANG_WARN_OBJC_ROOT_CLASS = YES_ERROR;
				CLANG_WARN_UNREACHABLE_CODE = YES;
				CLANG_WARN__DUPLICATE_METHOD_MATCH = YES;
				"CODE_SIGN_IDENTITY[sdk=iphoneos*]" = "iPhone Developer";
				COPY_PHASE_STRIP = NO;
				DEBUG_INFORMATION_FORMAT = "dwarf-with-dsym";
				ENABLE_NS_ASSERTIONS = NO;
				ENABLE_STRICT_OBJC_MSGSEND = YES;
				GCC_C_LANGUAGE_STANDARD = gnu99;
				GCC_NO_COMMON_BLOCKS = YES;
				GCC_WARN_64_TO_32_BIT_CONVERSION = YES;
				GCC_WARN_ABOUT_RETURN_TYPE = YES_ERROR;
				GCC_WARN_UNDECLARED_SELECTOR = YES;
				GCC_WARN_UNINITIALIZED_AUTOS = YES_AGGRESSIVE;
				GCC_WARN_UNUSED_FUNCTION = YES;
				GCC_WARN_UNUSED_VARIABLE = YES;
				IPHONEOS_DEPLOYMENT_TARGET = 9.1;
				MTL_ENABLE_DEBUG_INFO = NO;
				SDKROOT = iphoneos;
				VALIDATE_PRODUCT = YES;
			};
			name = Release;
		};
		37A414271C892312003CC077 /* Debug */ = {
			isa = XCBuildConfiguration;
			buildSettings = {
				ASSETCATALOG_COMPILER_APPICON_NAME = AppIcon;
				INFOPLIST_FILE = GitHub/Info.plist;
				LD_RUNPATH_SEARCH_PATHS = "$(inherited) @executable_path/Frameworks";
				PRODUCT_BUNDLE_IDENTIFIER = Breen.GitHub;
				PRODUCT_NAME = "$(TARGET_NAME)";
			};
			name = Debug;
		};
		37A414281C892312003CC077 /* Release */ = {
			isa = XCBuildConfiguration;
			buildSettings = {
				ASSETCATALOG_COMPILER_APPICON_NAME = AppIcon;
				INFOPLIST_FILE = GitHub/Info.plist;
				LD_RUNPATH_SEARCH_PATHS = "$(inherited) @executable_path/Frameworks";
				PRODUCT_BUNDLE_IDENTIFIER = Breen.GitHub;
				PRODUCT_NAME = "$(TARGET_NAME)";
			};
			name = Release;
		};
		37A4142A1C892312003CC077 /* Debug */ = {
			isa = XCBuildConfiguration;
			buildSettings = {
				BUNDLE_LOADER = "$(TEST_HOST)";
				INFOPLIST_FILE = GitHubTests/Info.plist;
				LD_RUNPATH_SEARCH_PATHS = "$(inherited) @executable_path/Frameworks @loader_path/Frameworks";
				PRODUCT_BUNDLE_IDENTIFIER = Breen.GitHubTests;
				PRODUCT_NAME = "$(TARGET_NAME)";
				TEST_HOST = "$(BUILT_PRODUCTS_DIR)/GitHub.app/GitHub";
			};
			name = Debug;
		};
		37A4142B1C892312003CC077 /* Release */ = {
			isa = XCBuildConfiguration;
			buildSettings = {
				BUNDLE_LOADER = "$(TEST_HOST)";
				INFOPLIST_FILE = GitHubTests/Info.plist;
				LD_RUNPATH_SEARCH_PATHS = "$(inherited) @executable_path/Frameworks @loader_path/Frameworks";
				PRODUCT_BUNDLE_IDENTIFIER = Breen.GitHubTests;
				PRODUCT_NAME = "$(TARGET_NAME)";
				TEST_HOST = "$(BUILT_PRODUCTS_DIR)/GitHub.app/GitHub";
			};
			name = Release;
		};
		37A4142D1C892312003CC077 /* Debug */ = {
			isa = XCBuildConfiguration;
			buildSettings = {
				INFOPLIST_FILE = GitHubUITests/Info.plist;
				LD_RUNPATH_SEARCH_PATHS = "$(inherited) @executable_path/Frameworks @loader_path/Frameworks";
				PRODUCT_BUNDLE_IDENTIFIER = Breen.GitHubUITests;
				PRODUCT_NAME = "$(TARGET_NAME)";
				TEST_TARGET_NAME = GitHub;
				USES_XCTRUNNER = YES;
			};
			name = Debug;
		};
		37A4142E1C892312003CC077 /* Release */ = {
			isa = XCBuildConfiguration;
			buildSettings = {
				INFOPLIST_FILE = GitHubUITests/Info.plist;
				LD_RUNPATH_SEARCH_PATHS = "$(inherited) @executable_path/Frameworks @loader_path/Frameworks";
				PRODUCT_BUNDLE_IDENTIFIER = Breen.GitHubUITests;
				PRODUCT_NAME = "$(TARGET_NAME)";
				TEST_TARGET_NAME = GitHub;
				USES_XCTRUNNER = YES;
			};
			name = Release;
		};
/* End XCBuildConfiguration section */

/* Begin XCConfigurationList section */
		37A413F41C892311003CC077 /* Build configuration list for PBXProject "GitHub" */ = {
			isa = XCConfigurationList;
			buildConfigurations = (
				37A414241C892312003CC077 /* Debug */,
				37A414251C892312003CC077 /* Release */,
			);
			defaultConfigurationIsVisible = 0;
			defaultConfigurationName = Release;
		};
		37A414261C892312003CC077 /* Build configuration list for PBXNativeTarget "GitHub" */ = {
			isa = XCConfigurationList;
			buildConfigurations = (
				37A414271C892312003CC077 /* Debug */,
				37A414281C892312003CC077 /* Release */,
			);
			defaultConfigurationIsVisible = 0;
		};
		37A414291C892312003CC077 /* Build configuration list for PBXNativeTarget "GitHubTests" */ = {
			isa = XCConfigurationList;
			buildConfigurations = (
				37A4142A1C892312003CC077 /* Debug */,
				37A4142B1C892312003CC077 /* Release */,
			);
			defaultConfigurationIsVisible = 0;
		};
		37A4142C1C892312003CC077 /* Build configuration list for PBXNativeTarget "GitHubUITests" */ = {
			isa = XCConfigurationList;
			buildConfigurations = (
				37A4142D1C892312003CC077 /* Debug */,
				37A4142E1C892312003CC077 /* Release */,
			);
			defaultConfigurationIsVisible = 0;
		};
/* End XCConfigurationList section */
	};
	rootObject = 37A413F11C892311003CC077 /* Project object */;
}
